// !$*UTF8*$!
{
	archiveVersion = 1;
	classes = {
	};
	objectVersion = 56;
	objects = {

/* Begin PBXBuildFile section */
		1E42EDEA2D02DD6900203F39 /* AnalysisView.swift in Sources */ = {isa = PBXBuildFile; fileRef = 1E42EDE22D02DD6900203F39 /* AnalysisView.swift */; };
		1E42EDEB2D02DD6900203F39 /* HomeView.swift in Sources */ = {isa = PBXBuildFile; fileRef = 1E42EDE42D02DD6900203F39 /* HomeView.swift */; };
		1E42EDEC2D02DD6900203F39 /* MainView.swift in Sources */ = {isa = PBXBuildFile; fileRef = 1E42EDE52D02DD6900203F39 /* MainView.swift */; };
		1E42EDED2D02DD6900203F39 /* SettingsView.swift in Sources */ = {isa = PBXBuildFile; fileRef = 1E42EDE72D02DD6900203F39 /* SettingsView.swift */; };
		1E42EDFC2D02DD7600203F39 /* AnalysisViewModel.swift in Sources */ = {isa = PBXBuildFile; fileRef = 1E42EDF72D02DD7600203F39 /* AnalysisViewModel.swift */; };
		1E42EDFD2D02DD7600203F39 /* HomeViewModel.swift in Sources */ = {isa = PBXBuildFile; fileRef = 1E42EDF82D02DD7600203F39 /* HomeViewModel.swift */; };
		1E42EDFE2D02DD7600203F39 /* MainViewModel.swift in Sources */ = {isa = PBXBuildFile; fileRef = 1E42EDF92D02DD7600203F39 /* MainViewModel.swift */; };
		1E42EDFF2D02DD7600203F39 /* SettingsViewModel.swift in Sources */ = {isa = PBXBuildFile; fileRef = 1E42EDFA2D02DD7600203F39 /* SettingsViewModel.swift */; };
		1E42EE022D02DD9800203F39 /* ChatAnalysis.swift in Sources */ = {isa = PBXBuildFile; fileRef = 1E42EE002D02DD9800203F39 /* ChatAnalysis.swift */; };
		1E42EE052D02DDA000203F39 /* FileAnalyzer.swift in Sources */ = {isa = PBXBuildFile; fileRef = 1E42EE032D02DDA000203F39 /* FileAnalyzer.swift */; };
		1E42EE082D02DDA800203F39 /* Constants.swift in Sources */ = {isa = PBXBuildFile; fileRef = 1E42EE062D02DDA800203F39 /* Constants.swift */; };
		1E42EE0B2D02DDF800203F39 /* WhatsApp_CounterApp.swift in Sources */ = {isa = PBXBuildFile; fileRef = 1E42EE092D02DDF800203F39 /* WhatsApp_CounterApp.swift */; };
		1E42EE0D2D02DF2900203F39 /* LoadingView.swift in Sources */ = {isa = PBXBuildFile; fileRef = 1E42EE0C2D02DF2900203F39 /* LoadingView.swift */; };
		1E42EE0F2D02DFF900203F39 /* AnalysisModels.swift in Sources */ = {isa = PBXBuildFile; fileRef = 1E42EE0E2D02DFF900203F39 /* AnalysisModels.swift */; };
		1E42EE122D02E1CE00203F39 /* DocumentPicker.swift in Sources */ = {isa = PBXBuildFile; fileRef = 1E42EE102D02E1CE00203F39 /* DocumentPicker.swift */; };
		1E42EE142D02E3DD00203F39 /* FilePickerView.swift in Sources */ = {isa = PBXBuildFile; fileRef = 1E42EE132D02E3DD00203F39 /* FilePickerView.swift */; };
		1E42EE172D02E5F100203F39 /* ZIPFoundation in Frameworks */ = {isa = PBXBuildFile; productRef = 1E42EE162D02E5F100203F39 /* ZIPFoundation */; };
		1E42EE192D02E71000203F39 /* AnalysisStorage.swift in Sources */ = {isa = PBXBuildFile; fileRef = 1E42EE182D02E71000203F39 /* AnalysisStorage.swift */; };
		1E42EE1B2D02EC6F00203F39 /* AnalysisOptionsView.swift in Sources */ = {isa = PBXBuildFile; fileRef = 1E42EE1A2D02EC6F00203F39 /* AnalysisOptionsView.swift */; };
		1ED542352D02DC2600F2BFA9 /* Whatsapp_CounterApp.swift in Sources */ = {isa = PBXBuildFile; fileRef = 1ED542342D02DC2600F2BFA9 /* Whatsapp_CounterApp.swift */; };
		1ED542372D02DC2600F2BFA9 /* ContentView.swift in Sources */ = {isa = PBXBuildFile; fileRef = 1ED542362D02DC2600F2BFA9 /* ContentView.swift */; };
		1ED542392D02DC2700F2BFA9 /* Assets.xcassets in Resources */ = {isa = PBXBuildFile; fileRef = 1ED542382D02DC2700F2BFA9 /* Assets.xcassets */; };
		1ED5423C2D02DC2700F2BFA9 /* Preview Assets.xcassets in Resources */ = {isa = PBXBuildFile; fileRef = 1ED5423B2D02DC2700F2BFA9 /* Preview Assets.xcassets */; };
/* End PBXBuildFile section */

/* Begin PBXFileReference section */
		1E42EDE22D02DD6900203F39 /* AnalysisView.swift */ = {isa = PBXFileReference; fileEncoding = 4; lastKnownFileType = sourcecode.swift; path = AnalysisView.swift; sourceTree = "<group>"; };
		1E42EDE42D02DD6900203F39 /* HomeView.swift */ = {isa = PBXFileReference; fileEncoding = 4; lastKnownFileType = sourcecode.swift; path = HomeView.swift; sourceTree = "<group>"; };
		1E42EDE52D02DD6900203F39 /* MainView.swift */ = {isa = PBXFileReference; fileEncoding = 4; lastKnownFileType = sourcecode.swift; path = MainView.swift; sourceTree = "<group>"; };
		1E42EDE72D02DD6900203F39 /* SettingsView.swift */ = {isa = PBXFileReference; fileEncoding = 4; lastKnownFileType = sourcecode.swift; path = SettingsView.swift; sourceTree = "<group>"; };
		1E42EDF72D02DD7600203F39 /* AnalysisViewModel.swift */ = {isa = PBXFileReference; fileEncoding = 4; lastKnownFileType = sourcecode.swift; path = AnalysisViewModel.swift; sourceTree = "<group>"; };
		1E42EDF82D02DD7600203F39 /* HomeViewModel.swift */ = {isa = PBXFileReference; fileEncoding = 4; lastKnownFileType = sourcecode.swift; path = HomeViewModel.swift; sourceTree = "<group>"; };
		1E42EDF92D02DD7600203F39 /* MainViewModel.swift */ = {isa = PBXFileReference; fileEncoding = 4; lastKnownFileType = sourcecode.swift; path = MainViewModel.swift; sourceTree = "<group>"; };
		1E42EDFA2D02DD7600203F39 /* SettingsViewModel.swift */ = {isa = PBXFileReference; fileEncoding = 4; lastKnownFileType = sourcecode.swift; path = SettingsViewModel.swift; sourceTree = "<group>"; };
		1E42EE002D02DD9800203F39 /* ChatAnalysis.swift */ = {isa = PBXFileReference; fileEncoding = 4; lastKnownFileType = sourcecode.swift; path = ChatAnalysis.swift; sourceTree = "<group>"; };
		1E42EE032D02DDA000203F39 /* FileAnalyzer.swift */ = {isa = PBXFileReference; fileEncoding = 4; lastKnownFileType = sourcecode.swift; path = FileAnalyzer.swift; sourceTree = "<group>"; };
		1E42EE062D02DDA800203F39 /* Constants.swift */ = {isa = PBXFileReference; fileEncoding = 4; lastKnownFileType = sourcecode.swift; path = Constants.swift; sourceTree = "<group>"; };
		1E42EE092D02DDF800203F39 /* WhatsApp_CounterApp.swift */ = {isa = PBXFileReference; fileEncoding = 4; lastKnownFileType = sourcecode.swift; path = WhatsApp_CounterApp.swift; sourceTree = "<group>"; };
		1E42EE0C2D02DF2900203F39 /* LoadingView.swift */ = {isa = PBXFileReference; fileEncoding = 4; lastKnownFileType = sourcecode.swift; path = LoadingView.swift; sourceTree = "<group>"; };
		1E42EE0E2D02DFF900203F39 /* AnalysisModels.swift */ = {isa = PBXFileReference; fileEncoding = 4; lastKnownFileType = sourcecode.swift; path = AnalysisModels.swift; sourceTree = "<group>"; };
		1E42EE102D02E1CE00203F39 /* DocumentPicker.swift */ = {isa = PBXFileReference; fileEncoding = 4; lastKnownFileType = sourcecode.swift; path = DocumentPicker.swift; sourceTree = "<group>"; };
		1E42EE132D02E3DD00203F39 /* FilePickerView.swift */ = {isa = PBXFileReference; fileEncoding = 4; lastKnownFileType = sourcecode.swift; path = FilePickerView.swift; sourceTree = "<group>"; };
		1E42EE182D02E71000203F39 /* AnalysisStorage.swift */ = {isa = PBXFileReference; fileEncoding = 4; lastKnownFileType = sourcecode.swift; path = AnalysisStorage.swift; sourceTree = "<group>"; };
		1E42EE1A2D02EC6F00203F39 /* AnalysisOptionsView.swift */ = {isa = PBXFileReference; fileEncoding = 4; lastKnownFileType = sourcecode.swift; path = AnalysisOptionsView.swift; sourceTree = "<group>"; };
		1ED542312D02DC2600F2BFA9 /* Whatsapp-Counter.app */ = {isa = PBXFileReference; explicitFileType = wrapper.application; includeInIndex = 0; path = "Whatsapp-Counter.app"; sourceTree = BUILT_PRODUCTS_DIR; };
		1ED542342D02DC2600F2BFA9 /* Whatsapp_CounterApp.swift */ = {isa = PBXFileReference; lastKnownFileType = sourcecode.swift; path = Whatsapp_CounterApp.swift; sourceTree = "<group>"; };
		1ED542362D02DC2600F2BFA9 /* ContentView.swift */ = {isa = PBXFileReference; lastKnownFileType = sourcecode.swift; path = ContentView.swift; sourceTree = "<group>"; };
		1ED542382D02DC2700F2BFA9 /* Assets.xcassets */ = {isa = PBXFileReference; lastKnownFileType = folder.assetcatalog; path = Assets.xcassets; sourceTree = "<group>"; };
		1ED5423B2D02DC2700F2BFA9 /* Preview Assets.xcassets */ = {isa = PBXFileReference; lastKnownFileType = folder.assetcatalog; path = "Preview Assets.xcassets"; sourceTree = "<group>"; };
/* End PBXFileReference section */

/* Begin PBXFrameworksBuildPhase section */
		1ED5422E2D02DC2600F2BFA9 /* Frameworks */ = {
			isa = PBXFrameworksBuildPhase;
			buildActionMask = 2147483647;
			files = (
				1E42EE172D02E5F100203F39 /* ZIPFoundation in Frameworks */,
			);
			runOnlyForDeploymentPostprocessing = 0;
		};
/* End PBXFrameworksBuildPhase section */

/* Begin PBXGroup section */
		1E42EDE32D02DD6900203F39 /* Analysis */ = {
			isa = PBXGroup;
			children = (
				1E42EDE22D02DD6900203F39 /* AnalysisView.swift */,
				1E42EE1A2D02EC6F00203F39 /* AnalysisOptionsView.swift */,
				1E42EE0C2D02DF2900203F39 /* LoadingView.swift */,
			);
			path = Analysis;
			sourceTree = "<group>";
		};
		1E42EDE62D02DD6900203F39 /* Main */ = {
			isa = PBXGroup;
			children = (
				1E42EDE42D02DD6900203F39 /* HomeView.swift */,
				1E42EDE52D02DD6900203F39 /* MainView.swift */,
			);
			path = Main;
			sourceTree = "<group>";
		};
		1E42EDE82D02DD6900203F39 /* Settings */ = {
			isa = PBXGroup;
			children = (
				1E42EDE72D02DD6900203F39 /* SettingsView.swift */,
			);
			path = Settings;
			sourceTree = "<group>";
		};
		1E42EDE92D02DD6900203F39 /* Views */ = {
			isa = PBXGroup;
			children = (
				1E42EDE32D02DD6900203F39 /* Analysis */,
				1E42EDE62D02DD6900203F39 /* Main */,
				1E42EE112D02E1CE00203F39 /* Common */,
				1E42EDE82D02DD6900203F39 /* Settings */,
			);
			path = Views;
			sourceTree = "<group>";
		};
		1E42EDFB2D02DD7600203F39 /* ViewModels */ = {
			isa = PBXGroup;
			children = (
				1E42EDF72D02DD7600203F39 /* AnalysisViewModel.swift */,
				1E42EDF82D02DD7600203F39 /* HomeViewModel.swift */,
				1E42EDF92D02DD7600203F39 /* MainViewModel.swift */,
				1E42EDFA2D02DD7600203F39 /* SettingsViewModel.swift */,
			);
			path = ViewModels;
			sourceTree = "<group>";
		};
		1E42EE012D02DD9800203F39 /* Models */ = {
			isa = PBXGroup;
			children = (
				1E42EE002D02DD9800203F39 /* ChatAnalysis.swift */,
				1E42EE0E2D02DFF900203F39 /* AnalysisModels.swift */,
			);
			path = Models;
			sourceTree = "<group>";
		};
		1E42EE042D02DDA000203F39 /* Services */ = {
			isa = PBXGroup;
			children = (
				1E42EE032D02DDA000203F39 /* FileAnalyzer.swift */,
				1E42EE182D02E71000203F39 /* AnalysisStorage.swift */,
			);
			path = Services;
			sourceTree = "<group>";
		};
		1E42EE072D02DDA800203F39 /* Utils */ = {
			isa = PBXGroup;
			children = (
				1E42EE062D02DDA800203F39 /* Constants.swift */,
			);
			path = Utils;
			sourceTree = "<group>";
		};
		1E42EE0A2D02DDF800203F39 /* App */ = {
			isa = PBXGroup;
			children = (
				1E42EE092D02DDF800203F39 /* WhatsApp_CounterApp.swift */,
			);
			path = App;
			sourceTree = "<group>";
		};
		1E42EE112D02E1CE00203F39 /* Common */ = {
			isa = PBXGroup;
			children = (
				1E42EE102D02E1CE00203F39 /* DocumentPicker.swift */,
				1E42EE132D02E3DD00203F39 /* FilePickerView.swift */,
			);
			path = Common;
			sourceTree = "<group>";
		};
		1ED542282D02DC2600F2BFA9 = {
			isa = PBXGroup;
			children = (
				1E42EE0A2D02DDF800203F39 /* App */,
				1E42EDE92D02DD6900203F39 /* Views */,
				1E42EDFB2D02DD7600203F39 /* ViewModels */,
				1E42EE012D02DD9800203F39 /* Models */,
				1E42EE042D02DDA000203F39 /* Services */,
				1E42EE072D02DDA800203F39 /* Utils */,
				1ED542332D02DC2600F2BFA9 /* Whatsapp-Counter */,
				1ED542322D02DC2600F2BFA9 /* Products */,
			);
			sourceTree = "<group>";
		};
		1ED542322D02DC2600F2BFA9 /* Products */ = {
			isa = PBXGroup;
			children = (
				1ED542312D02DC2600F2BFA9 /* Whatsapp-Counter.app */,
			);
			name = Products;
			sourceTree = "<group>";
		};
		1ED542332D02DC2600F2BFA9 /* Whatsapp-Counter */ = {
			isa = PBXGroup;
			children = (
				1ED542342D02DC2600F2BFA9 /* Whatsapp_CounterApp.swift */,
				1ED542362D02DC2600F2BFA9 /* ContentView.swift */,
				1ED542382D02DC2700F2BFA9 /* Assets.xcassets */,
				1ED5423A2D02DC2700F2BFA9 /* Preview Content */,
			);
			path = "Whatsapp-Counter";
			sourceTree = "<group>";
		};
		1ED5423A2D02DC2700F2BFA9 /* Preview Content */ = {
			isa = PBXGroup;
			children = (
				1ED5423B2D02DC2700F2BFA9 /* Preview Assets.xcassets */,
			);
			path = "Preview Content";
			sourceTree = "<group>";
		};
/* End PBXGroup section */

/* Begin PBXNativeTarget section */
		1ED542302D02DC2600F2BFA9 /* Whatsapp-Counter */ = {
			isa = PBXNativeTarget;
			buildConfigurationList = 1ED5423F2D02DC2700F2BFA9 /* Build configuration list for PBXNativeTarget "Whatsapp-Counter" */;
			buildPhases = (
				1ED5422D2D02DC2600F2BFA9 /* Sources */,
				1ED5422E2D02DC2600F2BFA9 /* Frameworks */,
				1ED5422F2D02DC2600F2BFA9 /* Resources */,
			);
			buildRules = (
			);
			dependencies = (
			);
			name = "Whatsapp-Counter";
			packageProductDependencies = (
				1E42EE162D02E5F100203F39 /* ZIPFoundation */,
			);
			productName = "Whatsapp-Counter";
			productReference = 1ED542312D02DC2600F2BFA9 /* Whatsapp-Counter.app */;
			productType = "com.apple.product-type.application";
		};
/* End PBXNativeTarget section */

/* Begin PBXProject section */
		1ED542292D02DC2600F2BFA9 /* Project object */ = {
			isa = PBXProject;
			attributes = {
				BuildIndependentTargetsInParallel = 1;
				LastSwiftUpdateCheck = 1540;
				LastUpgradeCheck = 1540;
				TargetAttributes = {
					1ED542302D02DC2600F2BFA9 = {
						CreatedOnToolsVersion = 15.4;
					};
				};
			};
			buildConfigurationList = 1ED5422C2D02DC2600F2BFA9 /* Build configuration list for PBXProject "Whatsapp-Counter" */;
			compatibilityVersion = "Xcode 14.0";
			developmentRegion = en;
			hasScannedForEncodings = 0;
			knownRegions = (
				en,
				Base,
			);
			mainGroup = 1ED542282D02DC2600F2BFA9;
			packageReferences = (
				1E42EE152D02E5F100203F39 /* XCRemoteSwiftPackageReference "ZIPFoundation" */,
			);
			productRefGroup = 1ED542322D02DC2600F2BFA9 /* Products */;
			projectDirPath = "";
			projectRoot = "";
			targets = (
				1ED542302D02DC2600F2BFA9 /* Whatsapp-Counter */,
			);
		};
/* End PBXProject section */

/* Begin PBXResourcesBuildPhase section */
		1ED5422F2D02DC2600F2BFA9 /* Resources */ = {
			isa = PBXResourcesBuildPhase;
			buildActionMask = 2147483647;
			files = (
				1ED5423C2D02DC2700F2BFA9 /* Preview Assets.xcassets in Resources */,
				1ED542392D02DC2700F2BFA9 /* Assets.xcassets in Resources */,
			);
			runOnlyForDeploymentPostprocessing = 0;
		};
/* End PBXResourcesBuildPhase section */

/* Begin PBXSourcesBuildPhase section */
		1ED5422D2D02DC2600F2BFA9 /* Sources */ = {
			isa = PBXSourcesBuildPhase;
			buildActionMask = 2147483647;
			files = (
				1ED542372D02DC2600F2BFA9 /* ContentView.swift in Sources */,
				1E42EDEB2D02DD6900203F39 /* HomeView.swift in Sources */,
				1E42EE142D02E3DD00203F39 /* FilePickerView.swift in Sources */,
				1E42EDEA2D02DD6900203F39 /* AnalysisView.swift in Sources */,
				1E42EDFE2D02DD7600203F39 /* MainViewModel.swift in Sources */,
				1E42EE122D02E1CE00203F39 /* DocumentPicker.swift in Sources */,
				1E42EE022D02DD9800203F39 /* ChatAnalysis.swift in Sources */,
				1E42EDED2D02DD6900203F39 /* SettingsView.swift in Sources */,
				1E42EDFD2D02DD7600203F39 /* HomeViewModel.swift in Sources */,
				1E42EE0F2D02DFF900203F39 /* AnalysisModels.swift in Sources */,
				1E42EE082D02DDA800203F39 /* Constants.swift in Sources */,
				1E42EE0D2D02DF2900203F39 /* LoadingView.swift in Sources */,
				1E42EE192D02E71000203F39 /* AnalysisStorage.swift in Sources */,
				1E42EDEC2D02DD6900203F39 /* MainView.swift in Sources */,
				1E42EDFC2D02DD7600203F39 /* AnalysisViewModel.swift in Sources */,
				1E42EE1B2D02EC6F00203F39 /* AnalysisOptionsView.swift in Sources */,
				1ED542352D02DC2600F2BFA9 /* Whatsapp_CounterApp.swift in Sources */,
				1E42EDFF2D02DD7600203F39 /* SettingsViewModel.swift in Sources */,
				1E42EE0B2D02DDF800203F39 /* WhatsApp_CounterApp.swift in Sources */,
				1E42EE052D02DDA000203F39 /* FileAnalyzer.swift in Sources */,
			);
			runOnlyForDeploymentPostprocessing = 0;
		};
/* End PBXSourcesBuildPhase section */

/* Begin XCBuildConfiguration section */
		1ED5423D2D02DC2700F2BFA9 /* Debug */ = {
			isa = XCBuildConfiguration;
			buildSettings = {
				ALWAYS_SEARCH_USER_PATHS = NO;
				ASSETCATALOG_COMPILER_GENERATE_SWIFT_ASSET_SYMBOL_EXTENSIONS = YES;
				CLANG_ANALYZER_NONNULL = YES;
				CLANG_ANALYZER_NUMBER_OBJECT_CONVERSION = YES_AGGRESSIVE;
				CLANG_CXX_LANGUAGE_STANDARD = "gnu++20";
				CLANG_ENABLE_MODULES = YES;
				CLANG_ENABLE_OBJC_ARC = YES;
				CLANG_ENABLE_OBJC_WEAK = YES;
				CLANG_WARN_BLOCK_CAPTURE_AUTORELEASING = YES;
				CLANG_WARN_BOOL_CONVERSION = YES;
				CLANG_WARN_COMMA = YES;
				CLANG_WARN_CONSTANT_CONVERSION = YES;
				CLANG_WARN_DEPRECATED_OBJC_IMPLEMENTATIONS = YES;
				CLANG_WARN_DIRECT_OBJC_ISA_USAGE = YES_ERROR;
				CLANG_WARN_DOCUMENTATION_COMMENTS = YES;
				CLANG_WARN_EMPTY_BODY = YES;
				CLANG_WARN_ENUM_CONVERSION = YES;
				CLANG_WARN_INFINITE_RECURSION = YES;
				CLANG_WARN_INT_CONVERSION = YES;
				CLANG_WARN_NON_LITERAL_NULL_CONVERSION = YES;
				CLANG_WARN_OBJC_IMPLICIT_RETAIN_SELF = YES;
				CLANG_WARN_OBJC_LITERAL_CONVERSION = YES;
				CLANG_WARN_OBJC_ROOT_CLASS = YES_ERROR;
				CLANG_WARN_QUOTED_INCLUDE_IN_FRAMEWORK_HEADER = YES;
				CLANG_WARN_RANGE_LOOP_ANALYSIS = YES;
				CLANG_WARN_STRICT_PROTOTYPES = YES;
				CLANG_WARN_SUSPICIOUS_MOVE = YES;
				CLANG_WARN_UNGUARDED_AVAILABILITY = YES_AGGRESSIVE;
				CLANG_WARN_UNREACHABLE_CODE = YES;
				CLANG_WARN__DUPLICATE_METHOD_MATCH = YES;
				COPY_PHASE_STRIP = NO;
				DEBUG_INFORMATION_FORMAT = dwarf;
				ENABLE_STRICT_OBJC_MSGSEND = YES;
				ENABLE_TESTABILITY = YES;
				ENABLE_USER_SCRIPT_SANDBOXING = YES;
				GCC_C_LANGUAGE_STANDARD = gnu17;
				GCC_DYNAMIC_NO_PIC = NO;
				GCC_NO_COMMON_BLOCKS = YES;
				GCC_OPTIMIZATION_LEVEL = 0;
				GCC_PREPROCESSOR_DEFINITIONS = (
					"DEBUG=1",
					"$(inherited)",
				);
				GCC_WARN_64_TO_32_BIT_CONVERSION = YES;
				GCC_WARN_ABOUT_RETURN_TYPE = YES_ERROR;
				GCC_WARN_UNDECLARED_SELECTOR = YES;
				GCC_WARN_UNINITIALIZED_AUTOS = YES_AGGRESSIVE;
				GCC_WARN_UNUSED_FUNCTION = YES;
				GCC_WARN_UNUSED_VARIABLE = YES;
				IPHONEOS_DEPLOYMENT_TARGET = 17.5;
				LOCALIZATION_PREFERS_STRING_CATALOGS = YES;
				MTL_ENABLE_DEBUG_INFO = INCLUDE_SOURCE;
				MTL_FAST_MATH = YES;
				ONLY_ACTIVE_ARCH = YES;
				SDKROOT = iphoneos;
				SWIFT_ACTIVE_COMPILATION_CONDITIONS = "DEBUG $(inherited)";
				SWIFT_OPTIMIZATION_LEVEL = "-Onone";
			};
			name = Debug;
		};
		1ED5423E2D02DC2700F2BFA9 /* Release */ = {
			isa = XCBuildConfiguration;
			buildSettings = {
				ALWAYS_SEARCH_USER_PATHS = NO;
				ASSETCATALOG_COMPILER_GENERATE_SWIFT_ASSET_SYMBOL_EXTENSIONS = YES;
				CLANG_ANALYZER_NONNULL = YES;
				CLANG_ANALYZER_NUMBER_OBJECT_CONVERSION = YES_AGGRESSIVE;
				CLANG_CXX_LANGUAGE_STANDARD = "gnu++20";
				CLANG_ENABLE_MODULES = YES;
				CLANG_ENABLE_OBJC_ARC = YES;
				CLANG_ENABLE_OBJC_WEAK = YES;
				CLANG_WARN_BLOCK_CAPTURE_AUTORELEASING = YES;
				CLANG_WARN_BOOL_CONVERSION = YES;
				CLANG_WARN_COMMA = YES;
				CLANG_WARN_CONSTANT_CONVERSION = YES;
				CLANG_WARN_DEPRECATED_OBJC_IMPLEMENTATIONS = YES;
				CLANG_WARN_DIRECT_OBJC_ISA_USAGE = YES_ERROR;
				CLANG_WARN_DOCUMENTATION_COMMENTS = YES;
				CLANG_WARN_EMPTY_BODY = YES;
				CLANG_WARN_ENUM_CONVERSION = YES;
				CLANG_WARN_INFINITE_RECURSION = YES;
				CLANG_WARN_INT_CONVERSION = YES;
				CLANG_WARN_NON_LITERAL_NULL_CONVERSION = YES;
				CLANG_WARN_OBJC_IMPLICIT_RETAIN_SELF = YES;
				CLANG_WARN_OBJC_LITERAL_CONVERSION = YES;
				CLANG_WARN_OBJC_ROOT_CLASS = YES_ERROR;
				CLANG_WARN_QUOTED_INCLUDE_IN_FRAMEWORK_HEADER = YES;
				CLANG_WARN_RANGE_LOOP_ANALYSIS = YES;
				CLANG_WARN_STRICT_PROTOTYPES = YES;
				CLANG_WARN_SUSPICIOUS_MOVE = YES;
				CLANG_WARN_UNGUARDED_AVAILABILITY = YES_AGGRESSIVE;
				CLANG_WARN_UNREACHABLE_CODE = YES;
				CLANG_WARN__DUPLICATE_METHOD_MATCH = YES;
				COPY_PHASE_STRIP = NO;
				DEBUG_INFORMATION_FORMAT = "dwarf-with-dsym";
				ENABLE_NS_ASSERTIONS = NO;
				ENABLE_STRICT_OBJC_MSGSEND = YES;
				ENABLE_USER_SCRIPT_SANDBOXING = YES;
				GCC_C_LANGUAGE_STANDARD = gnu17;
				GCC_NO_COMMON_BLOCKS = YES;
				GCC_WARN_64_TO_32_BIT_CONVERSION = YES;
				GCC_WARN_ABOUT_RETURN_TYPE = YES_ERROR;
				GCC_WARN_UNDECLARED_SELECTOR = YES;
				GCC_WARN_UNINITIALIZED_AUTOS = YES_AGGRESSIVE;
				GCC_WARN_UNUSED_FUNCTION = YES;
				GCC_WARN_UNUSED_VARIABLE = YES;
				IPHONEOS_DEPLOYMENT_TARGET = 17.5;
				LOCALIZATION_PREFERS_STRING_CATALOGS = YES;
				MTL_ENABLE_DEBUG_INFO = NO;
				MTL_FAST_MATH = YES;
				SDKROOT = iphoneos;
				SWIFT_COMPILATION_MODE = wholemodule;
				VALIDATE_PRODUCT = YES;
			};
			name = Release;
		};
		1ED542402D02DC2700F2BFA9 /* Debug */ = {
			isa = XCBuildConfiguration;
			buildSettings = {
				ASSETCATALOG_COMPILER_APPICON_NAME = AppIcon;
				ASSETCATALOG_COMPILER_GLOBAL_ACCENT_COLOR_NAME = AccentColor;
				CODE_SIGN_STYLE = Automatic;
				CURRENT_PROJECT_VERSION = 1;
				DEVELOPMENT_ASSET_PATHS = "\"Whatsapp-Counter/Preview Content\"";
				DEVELOPMENT_TEAM = MAD925RDGT;
				ENABLE_PREVIEWS = YES;
				GENERATE_INFOPLIST_FILE = YES;
				INFOPLIST_KEY_UIApplicationSceneManifest_Generation = YES;
				INFOPLIST_KEY_UIApplicationSupportsIndirectInputEvents = YES;
				INFOPLIST_KEY_UILaunchScreen_Generation = YES;
				INFOPLIST_KEY_UISupportedInterfaceOrientations_iPad = "UIInterfaceOrientationPortrait UIInterfaceOrientationPortraitUpsideDown UIInterfaceOrientationLandscapeLeft UIInterfaceOrientationLandscapeRight";
				INFOPLIST_KEY_UISupportedInterfaceOrientations_iPhone = "UIInterfaceOrientationPortrait UIInterfaceOrientationLandscapeLeft UIInterfaceOrientationLandscapeRight";
				LD_RUNPATH_SEARCH_PATHS = (
					"$(inherited)",
					"@executable_path/Frameworks",
				);
				MARKETING_VERSION = 1.0;
				PRODUCT_BUNDLE_IDENTIFIER = "Sabri.Whatsapp-Counter";
				PRODUCT_NAME = "$(TARGET_NAME)";
				SWIFT_EMIT_LOC_STRINGS = YES;
				SWIFT_VERSION = 5.0;
				TARGETED_DEVICE_FAMILY = "1,2";
			};
			name = Debug;
		};
		1ED542412D02DC2700F2BFA9 /* Release */ = {
			isa = XCBuildConfiguration;
			buildSettings = {
				ASSETCATALOG_COMPILER_APPICON_NAME = AppIcon;
				ASSETCATALOG_COMPILER_GLOBAL_ACCENT_COLOR_NAME = AccentColor;
				CODE_SIGN_STYLE = Automatic;
				CURRENT_PROJECT_VERSION = 1;
				DEVELOPMENT_ASSET_PATHS = "\"Whatsapp-Counter/Preview Content\"";
				DEVELOPMENT_TEAM = MAD925RDGT;
				ENABLE_PREVIEWS = YES;
				GENERATE_INFOPLIST_FILE = YES;
				INFOPLIST_KEY_UIApplicationSceneManifest_Generation = YES;
				INFOPLIST_KEY_UIApplicationSupportsIndirectInputEvents = YES;
				INFOPLIST_KEY_UILaunchScreen_Generation = YES;
				INFOPLIST_KEY_UISupportedInterfaceOrientations_iPad = "UIInterfaceOrientationPortrait UIInterfaceOrientationPortraitUpsideDown UIInterfaceOrientationLandscapeLeft UIInterfaceOrientationLandscapeRight";
				INFOPLIST_KEY_UISupportedInterfaceOrientations_iPhone = "UIInterfaceOrientationPortrait UIInterfaceOrientationLandscapeLeft UIInterfaceOrientationLandscapeRight";
				LD_RUNPATH_SEARCH_PATHS = (
					"$(inherited)",
					"@executable_path/Frameworks",
				);
				MARKETING_VERSION = 1.0;
				PRODUCT_BUNDLE_IDENTIFIER = "Sabri.Whatsapp-Counter";
				PRODUCT_NAME = "$(TARGET_NAME)";
				SWIFT_EMIT_LOC_STRINGS = YES;
				SWIFT_VERSION = 5.0;
				TARGETED_DEVICE_FAMILY = "1,2";
			};
			name = Release;
		};
/* End XCBuildConfiguration section */

/* Begin XCConfigurationList section */
		1ED5422C2D02DC2600F2BFA9 /* Build configuration list for PBXProject "Whatsapp-Counter" */ = {
			isa = XCConfigurationList;
			buildConfigurations = (
				1ED5423D2D02DC2700F2BFA9 /* Debug */,
				1ED5423E2D02DC2700F2BFA9 /* Release */,
			);
			defaultConfigurationIsVisible = 0;
			defaultConfigurationName = Release;
		};
		1ED5423F2D02DC2700F2BFA9 /* Build configuration list for PBXNativeTarget "Whatsapp-Counter" */ = {
			isa = XCConfigurationList;
			buildConfigurations = (
				1ED542402D02DC2700F2BFA9 /* Debug */,
				1ED542412D02DC2700F2BFA9 /* Release */,
			);
			defaultConfigurationIsVisible = 0;
			defaultConfigurationName = Release;
		};
/* End XCConfigurationList section */

/* Begin XCRemoteSwiftPackageReference section */
		1E42EE152D02E5F100203F39 /* XCRemoteSwiftPackageReference "ZIPFoundation" */ = {
			isa = XCRemoteSwiftPackageReference;
			repositoryURL = "https://github.com/weichsel/ZIPFoundation";
			requirement = {
				kind = upToNextMajorVersion;
				minimumVersion = 0.9.19;
			};
		};
/* End XCRemoteSwiftPackageReference section */

/* Begin XCSwiftPackageProductDependency section */
		1E42EE162D02E5F100203F39 /* ZIPFoundation */ = {
			isa = XCSwiftPackageProductDependency;
			package = 1E42EE152D02E5F100203F39 /* XCRemoteSwiftPackageReference "ZIPFoundation" */;
			productName = ZIPFoundation;
		};
/* End XCSwiftPackageProductDependency section */
	};
	rootObject = 1ED542292D02DC2600F2BFA9 /* Project object */;
}
